
Microsoft Visual Studio Solution File, Format Version 12.00
# Visual Studio Version 16
VisualStudioVersion = 16.0.30907.101
MinimumVisualStudioVersion = 10.0.40219.1
Project("{FAE04EC0-301F-11D3-BF4B-00C04F79EFBC}") = "Pensje_XIX_IT_Olympics", "Pensje_XIX_IT_Olympics\Pensje_XIX_IT_Olympics.csproj", "{022C4187-5FE5-4CA5-83B5-F1287FA3FB57}"
EndProject
Global
	GlobalSection(SolutionConfigurationPlatforms) = preSolution
		Debug|Any CPU = Debug|Any CPU
		Release|Any CPU = Release|Any CPU
	EndGlobalSection
	GlobalSection(ProjectConfigurationPlatforms) = postSolution
		{022C4187-5FE5-4CA5-83B5-F1287FA3FB57}.Debug|Any CPU.ActiveCfg = Debug|Any CPU
		{022C4187-5FE5-4CA5-83B5-F1287FA3FB57}.Debug|Any CPU.Build.0 = Debug|Any CPU
		{022C4187-5FE5-4CA5-83B5-F1287FA3FB57}.Release|Any CPU.ActiveCfg = Release|Any CPU
		{022C4187-5FE5-4CA5-83B5-F1287FA3FB57}.Release|Any CPU.Build.0 = Release|Any CPU
	EndGlobalSection
	GlobalSection(SolutionProperties) = preSolution
		HideSolutionNode = FALSE
	EndGlobalSection
	GlobalSection(ExtensibilityGlobals) = postSolution
		SolutionGuid = {3F761826-CF15-4495-84CC-CD478CF7D781}
	EndGlobalSection
EndGlobal
